<?xml version="1.0" encoding="utf-8"?>
<Project ToolsVersion="4.0" xmlns="http://schemas.microsoft.com/developer/msbuild/2003">
  <ItemGroup>
    <ClCompile Include="..\..\..\addons\ofxXmlSettings\src\ofxXmlSettings.cpp">
      <Filter>addons\ofxXmlSettings</Filter>
    </ClCompile>
    <ClCompile Include="..\..\..\addons\ofxXmlSettings\libs\tinyxml.cpp">
      <Filter>addons\ofxXmlSettings</Filter>
    </ClCompile>
    <ClCompile Include="..\..\..\addons\ofxXmlSettings\libs\tinyxmlparser.cpp">
      <Filter>addons\ofxXmlSettings</Filter>
    </ClCompile>
    <ClCompile Include="..\..\..\addons\ofxXmlSettings\libs\tinyxmlerror.cpp">
      <Filter>addons\ofxXmlSettings</Filter>
    </ClCompile>
    <ClCompile Include="..\..\..\addons\ofxDrawingUtils\ofxDrawingUtils.cpp">
      <Filter>addons\ofxDrawingUtils</Filter>
    </ClCompile>
    <ClCompile Include="..\..\..\addons\ofxKeyboardSettings\src\ofxKeyboardSettings.cpp">
      <Filter>addons\ofxKeyboardSettings\src</Filter>
    </ClCompile>
    <ClCompile Include="src\main.cpp">
      <Filter>src</Filter>
    </ClCompile>
    <ClCompile Include="src\testApp.cpp">
      <Filter>src</Filter>
    </ClCompile>
    <ClCompile Include="..\ColorsOfMovement\src\ColorsOfMovementSettings.cpp">
      <Filter>src\ColorsOfMovement</Filter>
    </ClCompile>
    <ClCompile Include="..\ColorsOfMovement\src\ColorsOfMovement.cpp">
      <Filter>src\ColorsOfMovement</Filter>
    </ClCompile>
  </ItemGroup>
  <ItemGroup>
    <ClInclude Include="..\..\..\addons\ofxXmlSettings\src\ofxXmlSettings.h">
      <Filter>addons\ofxXmlSettings</Filter>
    </ClInclude>
    <ClInclude Include="..\..\..\addons\ofxXmlSettings\libs\tinyxml.h">
      <Filter>addons\ofxXmlSettings</Filter>
    </ClInclude>
    <ClInclude Include="..\..\..\addons\ofxDrawingUtils\ofxDrawingUtils.h">
      <Filter>addons\ofxDrawingUtils</Filter>
    </ClInclude>
    <ClInclude Include="..\..\..\addons\ofxKeyboardSettings\src\ofxKeyboardSettings.h">
      <Filter>addons\ofxKeyboardSettings\src</Filter>
    </ClInclude>
    <ClInclude Include="src\testApp.h">
      <Filter>src</Filter>
    </ClInclude>
    <ClInclude Include="..\ColorsOfMovement\src\ColorsOfMovementSettings.h">
      <Filter>src\ColorsOfMovement</Filter>
    </ClInclude>
    <ClInclude Include="..\ColorsOfMovement\src\ColorsOfMovement.h">
      <Filter>src\ColorsOfMovement</Filter>
    </ClInclude>
  </ItemGroup>
  <ItemGroup>
    <Filter Include="addons">
      <UniqueIdentifier>{1bc56107-eb8d-4031-b025-d0b53e56efac}</UniqueIdentifier>
    </Filter>
    <Filter Include="addons\ofxXmlSettings">
      <UniqueIdentifier>{14a90092-bd20-46b8-83ae-86591380a169}</UniqueIdentifier>
    </Filter>
    <Filter Include="addons\ofxDrawingUtils">
      <UniqueIdentifier>{ae7dbb3c-ab6f-4198-a7b3-a8d485b6f883}</UniqueIdentifier>
    </Filter>
    <Filter Include="addons\ofxKeyboardSettings">
      <UniqueIdentifier>{47159a82-f645-417a-a858-2592a53980bd}</UniqueIdentifier>
    </Filter>
    <Filter Include="addons\ofxKeyboardSettings\src">
      <UniqueIdentifier>{b3cfa5dd-c638-4933-8832-7f56a7910b9b}</UniqueIdentifier>
    </Filter>
    <Filter Include="src">
      <UniqueIdentifier>{e57c0ffd-5e1a-4f73-a403-a7063887c61f}</UniqueIdentifier>
    </Filter>
    <Filter Include="src\ColorsOfMovement">
      <UniqueIdentifier>{904454ac-29e9-4406-8ab0-ed0de2c839e9}</UniqueIdentifier>
    </Filter>
  </ItemGroup>
</Project>